
Microsoft Visual Studio Solution File, Format Version 12.00
Project("{FAE04EC0-301F-11D3-BF4B-00C04F79EFBC}") = "api", "api\api.csproj", "{67E116AB-AB9D-4E93-8180-1699FCD9512A}"
EndProject
Project("{FAE04EC0-301F-11D3-BF4B-00C04F79EFBC}") = "passenger-tests", "passenger-tests\passenger-tests.csproj", "{5F30424B-2EF9-4F21-BE80-9CD73CF46A87}"
EndProject
Global
	GlobalSection(SolutionConfigurationPlatforms) = preSolution
		Debug|Any CPU = Debug|Any CPU
		Release|Any CPU = Release|Any CPU
	EndGlobalSection
	GlobalSection(ProjectConfigurationPlatforms) = postSolution
		{67E116AB-AB9D-4E93-8180-1699FCD9512A}.Debug|Any CPU.ActiveCfg = Debug|Any CPU
		{67E116AB-AB9D-4E93-8180-1699FCD9512A}.Debug|Any CPU.Build.0 = Debug|Any CPU
		{67E116AB-AB9D-4E93-8180-1699FCD9512A}.Release|Any CPU.ActiveCfg = Release|Any CPU
		{67E116AB-AB9D-4E93-8180-1699FCD9512A}.Release|Any CPU.Build.0 = Release|Any CPU
		{5F30424B-2EF9-4F21-BE80-9CD73CF46A87}.Debug|Any CPU.ActiveCfg = Debug|Any CPU
		{5F30424B-2EF9-4F21-BE80-9CD73CF46A87}.Debug|Any CPU.Build.0 = Debug|Any CPU
		{5F30424B-2EF9-4F21-BE80-9CD73CF46A87}.Release|Any CPU.ActiveCfg = Release|Any CPU
		{5F30424B-2EF9-4F21-BE80-9CD73CF46A87}.Release|Any CPU.Build.0 = Release|Any CPU
	EndGlobalSection
EndGlobal
